{
    "nome" : " reprograma-flix " ,
    "versão" : " 1.0.0 " ,
    "descrição" : " " ,
    "principal" : " servidor.js " ,
    "scripts" : {
      "teste" : " eco \" Erro: nenhum teste especificado \" && exit 1 " ,
      "start" : " nodemon server.js "
    },
    "palavras-chave" : [],
    "autor" : " " ,
    "licença" : " ISC " ,
    "dependências" : {
      "expresso" : " ^4.18.2 " ,
      "nodemon" : " ^2.0.20 "
    }
  }